// !$*UTF8*$!
{
	archiveVersion = 1;
	classes = {
	};
	objectVersion = 77;
	objects = {

/* Begin PBXContainerItemProxy section */
		CF17768C2DF202D100CC97B6 /* PBXContainerItemProxy */ = {
			isa = PBXContainerItemProxy;
			containerPortal = CF17766F2DF202CF00CC97B6 /* Project object */;
			proxyType = 1;
			remoteGlobalIDString = CF1776762DF202CF00CC97B6;
			remoteInfo = "Airsoft Tactical Map";
		};
		CF1776962DF202D100CC97B6 /* PBXContainerItemProxy */ = {
			isa = PBXContainerItemProxy;
			containerPortal = CF17766F2DF202CF00CC97B6 /* Project object */;
			proxyType = 1;
			remoteGlobalIDString = CF1776762DF202CF00CC97B6;
			remoteInfo = "Airsoft Tactical Map";
		};
/* End PBXContainerItemProxy section */

/* Begin PBXFileReference section */
		CF1776772DF202CF00CC97B6 /* Airsoft Tactical Map.app */ = {isa = PBXFileReference; explicitFileType = wrapper.application; includeInIndex = 0; path = "Airsoft Tactical Map.app"; sourceTree = BUILT_PRODUCTS_DIR; };
		CF17768B2DF202D000CC97B6 /* Airsoft Tactical MapTests.xctest */ = {isa = PBXFileReference; explicitFileType = wrapper.cfbundle; includeInIndex = 0; path = "Airsoft Tactical MapTests.xctest"; sourceTree = BUILT_PRODUCTS_DIR; };
		CF1776952DF202D100CC97B6 /* Airsoft Tactical MapUITests.xctest */ = {isa = PBXFileReference; explicitFileType = wrapper.cfbundle; includeInIndex = 0; path = "Airsoft Tactical MapUITests.xctest"; sourceTree = BUILT_PRODUCTS_DIR; };
/* End PBXFileReference section */

/* Begin PBXFileSystemSynchronizedBuildFileExceptionSet section */
		CF17769D2DF202D100CC97B6 /* Exceptions for "Airsoft Tactical Map" folder in "Airsoft Tactical Map" target */ = {
			isa = PBXFileSystemSynchronizedBuildFileExceptionSet;
			membershipExceptions = (
				Info.plist,
			);
			target = CF1776762DF202CF00CC97B6 /* Airsoft Tactical Map */;
		};
/* End PBXFileSystemSynchronizedBuildFileExceptionSet section */

/* Begin PBXFileSystemSynchronizedRootGroup section */
		CF1776792DF202CF00CC97B6 /* Airsoft Tactical Map */ = {
			isa = PBXFileSystemSynchronizedRootGroup;
			exceptions = (
				CF17769D2DF202D100CC97B6 /* Exceptions for "Airsoft Tactical Map" folder in "Airsoft Tactical Map" target */,
			);
			path = "Airsoft Tactical Map";
			sourceTree = "<group>";
		};
		CF17768E2DF202D100CC97B6 /* Airsoft Tactical MapTests */ = {
			isa = PBXFileSystemSynchronizedRootGroup;
			path = "Airsoft Tactical MapTests";
			sourceTree = "<group>";
		};
		CF1776982DF202D100CC97B6 /* Airsoft Tactical MapUITests */ = {
			isa = PBXFileSystemSynchronizedRootGroup;
			path = "Airsoft Tactical MapUITests";
			sourceTree = "<group>";
		};
/* End PBXFileSystemSynchronizedRootGroup section */

/* Begin PBXFrameworksBuildPhase section */
		CF1776742DF202CF00CC97B6 /* Frameworks */ = {
			isa = PBXFrameworksBuildPhase;
			buildActionMask = 2147483647;
			files = (
			);
			runOnlyForDeploymentPostprocessing = 0;
		};
		CF1776882DF202D000CC97B6 /* Frameworks */ = {
			isa = PBXFrameworksBuildPhase;
			buildActionMask = 2147483647;
			files = (
			);
			runOnlyForDeploymentPostprocessing = 0;
		};
		CF1776922DF202D100CC97B6 /* Frameworks */ = {
			isa = PBXFrameworksBuildPhase;
			buildActionMask = 2147483647;
			files = (
			);
			runOnlyForDeploymentPostprocessing = 0;
		};
/* End PBXFrameworksBuildPhase section */

/* Begin PBXGroup section */
		CF17766E2DF202CF00CC97B6 = {
			isa = PBXGroup;
			children = (
				CF1776792DF202CF00CC97B6 /* Airsoft Tactical Map */,
				CF17768E2DF202D100CC97B6 /* Airsoft Tactical MapTests */,
				CF1776982DF202D100CC97B6 /* Airsoft Tactical MapUITests */,
				CF1776782DF202CF00CC97B6 /* Products */,
			);
			sourceTree = "<group>";
		};
		CF1776782DF202CF00CC97B6 /* Products */ = {
			isa = PBXGroup;
			children = (
				CF1776772DF202CF00CC97B6 /* Airsoft Tactical Map.app */,
				CF17768B2DF202D000CC97B6 /* Airsoft Tactical MapTests.xctest */,
				CF1776952DF202D100CC97B6 /* Airsoft Tactical MapUITests.xctest */,
			);
			name = Products;
			sourceTree = "<group>";
		};
/* End PBXGroup section */

/* Begin PBXNativeTarget section */
		CF1776762DF202CF00CC97B6 /* Airsoft Tactical Map */ = {
			isa = PBXNativeTarget;
			buildConfigurationList = CF17769E2DF202D100CC97B6 /* Build configuration list for PBXNativeTarget "Airsoft Tactical Map" */;
			buildPhases = (
				CF1776732DF202CF00CC97B6 /* Sources */,
				CF1776742DF202CF00CC97B6 /* Frameworks */,
				CF1776752DF202CF00CC97B6 /* Resources */,
			);
			buildRules = (
			);
			dependencies = (
			);
			fileSystemSynchronizedGroups = (
				CF1776792DF202CF00CC97B6 /* Airsoft Tactical Map */,
			);
			name = "Airsoft Tactical Map";
			packageProductDependencies = (
			);
			productName = "Airsoft Tactical Map";
			productReference = CF1776772DF202CF00CC97B6 /* Airsoft Tactical Map.app */;
			productType = "com.apple.product-type.application";
		};
		CF17768A2DF202D000CC97B6 /* Airsoft Tactical MapTests */ = {
			isa = PBXNativeTarget;
			buildConfigurationList = CF1776A32DF202D100CC97B6 /* Build configuration list for PBXNativeTarget "Airsoft Tactical MapTests" */;
			buildPhases = (
				CF1776872DF202D000CC97B6 /* Sources */,
				CF1776882DF202D000CC97B6 /* Frameworks */,
				CF1776892DF202D000CC97B6 /* Resources */,
			);
			buildRules = (
			);
			dependencies = (
				CF17768D2DF202D100CC97B6 /* PBXTargetDependency */,
			);
			fileSystemSynchronizedGroups = (
				CF17768E2DF202D100CC97B6 /* Airsoft Tactical MapTests */,
			);
			name = "Airsoft Tactical MapTests";
			packageProductDependencies = (
			);
			productName = "Airsoft Tactical MapTests";
			productReference = CF17768B2DF202D000CC97B6 /* Airsoft Tactical MapTests.xctest */;
			productType = "com.apple.product-type.bundle.unit-test";
		};
		CF1776942DF202D100CC97B6 /* Airsoft Tactical MapUITests */ = {
			isa = PBXNativeTarget;
			buildConfigurationList = CF1776A62DF202D100CC97B6 /* Build configuration list for PBXNativeTarget "Airsoft Tactical MapUITests" */;
			buildPhases = (
				CF1776912DF202D100CC97B6 /* Sources */,
				CF1776922DF202D100CC97B6 /* Frameworks */,
				CF1776932DF202D100CC97B6 /* Resources */,
			);
			buildRules = (
			);
			dependencies = (
				CF1776972DF202D100CC97B6 /* PBXTargetDependency */,
			);
			fileSystemSynchronizedGroups = (
				CF1776982DF202D100CC97B6 /* Airsoft Tactical MapUITests */,
			);
			name = "Airsoft Tactical MapUITests";
			packageProductDependencies = (
			);
			productName = "Airsoft Tactical MapUITests";
			productReference = CF1776952DF202D100CC97B6 /* Airsoft Tactical MapUITests.xctest */;
			productType = "com.apple.product-type.bundle.ui-testing";
		};
/* End PBXNativeTarget section */

/* Begin PBXProject section */
		CF17766F2DF202CF00CC97B6 /* Project object */ = {
			isa = PBXProject;
			attributes = {
				BuildIndependentTargetsInParallel = 1;
				LastSwiftUpdateCheck = 1640;
				LastUpgradeCheck = 1640;
				TargetAttributes = {
					CF1776762DF202CF00CC97B6 = {
						CreatedOnToolsVersion = 16.4;
					};
					CF17768A2DF202D000CC97B6 = {
						CreatedOnToolsVersion = 16.4;
						TestTargetID = CF1776762DF202CF00CC97B6;
					};
					CF1776942DF202D100CC97B6 = {
						CreatedOnToolsVersion = 16.4;
						TestTargetID = CF1776762DF202CF00CC97B6;
					};
				};
			};
			buildConfigurationList = CF1776722DF202CF00CC97B6 /* Build configuration list for PBXProject "Airsoft Tactical Map" */;
			developmentRegion = en;
			hasScannedForEncodings = 0;
			knownRegions = (
				en,
				Base,
			);
			mainGroup = CF17766E2DF202CF00CC97B6;
			minimizedProjectReferenceProxies = 1;
			preferredProjectObjectVersion = 77;
			productRefGroup = CF1776782DF202CF00CC97B6 /* Products */;
			projectDirPath = "";
			projectRoot = "";
			targets = (
				CF1776762DF202CF00CC97B6 /* Airsoft Tactical Map */,
				CF17768A2DF202D000CC97B6 /* Airsoft Tactical MapTests */,
				CF1776942DF202D100CC97B6 /* Airsoft Tactical MapUITests */,
			);
		};
/* End PBXProject section */

/* Begin PBXResourcesBuildPhase section */
		CF1776752DF202CF00CC97B6 /* Resources */ = {
			isa = PBXResourcesBuildPhase;
			buildActionMask = 2147483647;
			files = (
			);
			runOnlyForDeploymentPostprocessing = 0;
		};
		CF1776892DF202D000CC97B6 /* Resources */ = {
			isa = PBXResourcesBuildPhase;
			buildActionMask = 2147483647;
			files = (
			);
			runOnlyForDeploymentPostprocessing = 0;
		};
		CF1776932DF202D100CC97B6 /* Resources */ = {
			isa = PBXResourcesBuildPhase;
			buildActionMask = 2147483647;
			files = (
			);
			runOnlyForDeploymentPostprocessing = 0;
		};
/* End PBXResourcesBuildPhase section */

/* Begin PBXSourcesBuildPhase section */
		CF1776732DF202CF00CC97B6 /* Sources */ = {
			isa = PBXSourcesBuildPhase;
			buildActionMask = 2147483647;
			files = (
			);
			runOnlyForDeploymentPostprocessing = 0;
		};
		CF1776872DF202D000CC97B6 /* Sources */ = {
			isa = PBXSourcesBuildPhase;
			buildActionMask = 2147483647;
			files = (
			);
			runOnlyForDeploymentPostprocessing = 0;
		};
		CF1776912DF202D100CC97B6 /* Sources */ = {
			isa = PBXSourcesBuildPhase;
			buildActionMask = 2147483647;
			files = (
			);
			runOnlyForDeploymentPostprocessing = 0;
		};
/* End PBXSourcesBuildPhase section */

/* Begin PBXTargetDependency section */
		CF17768D2DF202D100CC97B6 /* PBXTargetDependency */ = {
			isa = PBXTargetDependency;
			target = CF1776762DF202CF00CC97B6 /* Airsoft Tactical Map */;
			targetProxy = CF17768C2DF202D100CC97B6 /* PBXContainerItemProxy */;
		};
		CF1776972DF202D100CC97B6 /* PBXTargetDependency */ = {
			isa = PBXTargetDependency;
			target = CF1776762DF202CF00CC97B6 /* Airsoft Tactical Map */;
			targetProxy = CF1776962DF202D100CC97B6 /* PBXContainerItemProxy */;
		};
/* End PBXTargetDependency section */

/* Begin XCBuildConfiguration section */
		CF17769F2DF202D100CC97B6 /* Debug */ = {
			isa = XCBuildConfiguration;
			buildSettings = {
				ASSETCATALOG_COMPILER_APPICON_NAME = AppIcon;
				ASSETCATALOG_COMPILER_GLOBAL_ACCENT_COLOR_NAME = AccentColor;
				CODE_SIGN_ENTITLEMENTS = "Airsoft Tactical Map/Airsoft_Tactical_Map.entitlements";
				CODE_SIGN_STYLE = Automatic;
				CURRENT_PROJECT_VERSION = 1;
				ENABLE_PREVIEWS = YES;
				GENERATE_INFOPLIST_FILE = YES;
				INFOPLIST_FILE = "Airsoft Tactical Map/Info.plist";
				INFOPLIST_KEY_UIApplicationSceneManifest_Generation = YES;
				INFOPLIST_KEY_UIApplicationSupportsIndirectInputEvents = YES;
				INFOPLIST_KEY_UILaunchScreen_Generation = YES;
				INFOPLIST_KEY_UISupportedInterfaceOrientations_iPad = "UIInterfaceOrientationPortrait UIInterfaceOrientationPortraitUpsideDown UIInterfaceOrientationLandscapeLeft UIInterfaceOrientationLandscapeRight";
				INFOPLIST_KEY_UISupportedInterfaceOrientations_iPhone = "UIInterfaceOrientationPortrait UIInterfaceOrientationLandscapeLeft UIInterfaceOrientationLandscapeRight";
				LD_RUNPATH_SEARCH_PATHS = (
					"$(inherited)",
					"@executable_path/Frameworks",
				);
				MARKETING_VERSION = 1.0;
				PRODUCT_BUNDLE_IDENTIFIER = "com.raincor.Airsoft-Tactical-Map";
				PRODUCT_NAME = "$(TARGET_NAME)";
				SWIFT_EMIT_LOC_STRINGS = YES;
				SWIFT_VERSION = 5.0;
				TARGETED_DEVICE_FAMILY = "1,2";
			};
			name = Debug;
		};
		CF1776A02DF202D100CC97B6 /* Release */ = {
			isa = XCBuildConfiguration;
			buildSettings = {
				ASSETCATALOG_COMPILER_APPICON_NAME = AppIcon;
				ASSETCATALOG_COMPILER_GLOBAL_ACCENT_COLOR_NAME = AccentColor;
				CODE_SIGN_ENTITLEMENTS = "Airsoft Tactical Map/Airsoft_Tactical_Map.entitlements";
				CODE_SIGN_STYLE = Automatic;
				CURRENT_PROJECT_VERSION = 1;
				ENABLE_PREVIEWS = YES;
				GENERATE_INFOPLIST_FILE = YES;
				INFOPLIST_FILE = "Airsoft Tactical Map/Info.plist";
				INFOPLIST_KEY_UIApplicationSceneManifest_Generation = YES;
				INFOPLIST_KEY_UIApplicationSupportsIndirectInputEvents = YES;
				INFOPLIST_KEY_UILaunchScreen_Generation = YES;
				INFOPLIST_KEY_UISupportedInterfaceOrientations_iPad = "UIInterfaceOrientationPortrait UIInterfaceOrientationPortraitUpsideDown UIInterfaceOrientationLandscapeLeft UIInterfaceOrientationLandscapeRight";
				INFOPLIST_KEY_UISupportedInterfaceOrientations_iPhone = "UIInterfaceOrientationPortrait UIInterfaceOrientationLandscapeLeft UIInterfaceOrientationLandscapeRight";
				LD_RUNPATH_SEARCH_PATHS = (
					"$(inherited)",
					"@executable_path/Frameworks",
				);
				MARKETING_VERSION = 1.0;
				PRODUCT_BUNDLE_IDENTIFIER = "com.raincor.Airsoft-Tactical-Map";
				PRODUCT_NAME = "$(TARGET_NAME)";
				SWIFT_EMIT_LOC_STRINGS = YES;
				SWIFT_VERSION = 5.0;
				TARGETED_DEVICE_FAMILY = "1,2";
			};
			name = Release;
		};
		CF1776A12DF202D100CC97B6 /* Debug */ = {
			isa = XCBuildConfiguration;
			buildSettings = {
				ALWAYS_SEARCH_USER_PATHS = NO;
				ASSETCATALOG_COMPILER_GENERATE_SWIFT_ASSET_SYMBOL_EXTENSIONS = YES;
				CLANG_ANALYZER_NONNULL = YES;
				CLANG_ANALYZER_NUMBER_OBJECT_CONVERSION = YES_AGGRESSIVE;
				CLANG_CXX_LANGUAGE_STANDARD = "gnu++20";
				CLANG_ENABLE_MODULES = YES;
				CLANG_ENABLE_OBJC_ARC = YES;
				CLANG_ENABLE_OBJC_WEAK = YES;
				CLANG_WARN_BLOCK_CAPTURE_AUTORELEASING = YES;
				CLANG_WARN_BOOL_CONVERSION = YES;
				CLANG_WARN_COMMA = YES;
				CLANG_WARN_CONSTANT_CONVERSION = YES;
				CLANG_WARN_DEPRECATED_OBJC_IMPLEMENTATIONS = YES;
				CLANG_WARN_DIRECT_OBJC_ISA_USAGE = YES_ERROR;
				CLANG_WARN_DOCUMENTATION_COMMENTS = YES;
				CLANG_WARN_EMPTY_BODY = YES;
				CLANG_WARN_ENUM_CONVERSION = YES;
				CLANG_WARN_INFINITE_RECURSION = YES;
				CLANG_WARN_INT_CONVERSION = YES;
				CLANG_WARN_NON_LITERAL_NULL_CONVERSION = YES;
				CLANG_WARN_OBJC_IMPLICIT_RETAIN_SELF = YES;
				CLANG_WARN_OBJC_LITERAL_CONVERSION = YES;
				CLANG_WARN_OBJC_ROOT_CLASS = YES_ERROR;
				CLANG_WARN_QUOTED_INCLUDE_IN_FRAMEWORK_HEADER = YES;
				CLANG_WARN_RANGE_LOOP_ANALYSIS = YES;
				CLANG_WARN_STRICT_PROTOTYPES = YES;
				CLANG_WARN_SUSPICIOUS_MOVE = YES;
				CLANG_WARN_UNGUARDED_AVAILABILITY = YES_AGGRESSIVE;
				CLANG_WARN_UNREACHABLE_CODE = YES;
				CLANG_WARN__DUPLICATE_METHOD_MATCH = YES;
				COPY_PHASE_STRIP = NO;
				DEBUG_INFORMATION_FORMAT = dwarf;
				ENABLE_STRICT_OBJC_MSGSEND = YES;
				ENABLE_TESTABILITY = YES;
				ENABLE_USER_SCRIPT_SANDBOXING = YES;
				GCC_C_LANGUAGE_STANDARD = gnu17;
				GCC_DYNAMIC_NO_PIC = NO;
				GCC_NO_COMMON_BLOCKS = YES;
				GCC_OPTIMIZATION_LEVEL = 0;
				GCC_PREPROCESSOR_DEFINITIONS = (
					"DEBUG=1",
					"$(inherited)",
				);
				GCC_WARN_64_TO_32_BIT_CONVERSION = YES;
				GCC_WARN_ABOUT_RETURN_TYPE = YES_ERROR;
				GCC_WARN_UNDECLARED_SELECTOR = YES;
				GCC_WARN_UNINITIALIZED_AUTOS = YES_AGGRESSIVE;
				GCC_WARN_UNUSED_FUNCTION = YES;
				GCC_WARN_UNUSED_VARIABLE = YES;
				IPHONEOS_DEPLOYMENT_TARGET = 18.5;
				LOCALIZATION_PREFERS_STRING_CATALOGS = YES;
				MTL_ENABLE_DEBUG_INFO = INCLUDE_SOURCE;
				MTL_FAST_MATH = YES;
				ONLY_ACTIVE_ARCH = YES;
				SDKROOT = iphoneos;
				SWIFT_ACTIVE_COMPILATION_CONDITIONS = "DEBUG $(inherited)";
				SWIFT_OPTIMIZATION_LEVEL = "-Onone";
			};
			name = Debug;
		};
		CF1776A22DF202D100CC97B6 /* Release */ = {
			isa = XCBuildConfiguration;
			buildSettings = {
				ALWAYS_SEARCH_USER_PATHS = NO;
				ASSETCATALOG_COMPILER_GENERATE_SWIFT_ASSET_SYMBOL_EXTENSIONS = YES;
				CLANG_ANALYZER_NONNULL = YES;
				CLANG_ANALYZER_NUMBER_OBJECT_CONVERSION = YES_AGGRESSIVE;
				CLANG_CXX_LANGUAGE_STANDARD = "gnu++20";
				CLANG_ENABLE_MODULES = YES;
				CLANG_ENABLE_OBJC_ARC = YES;
				CLANG_ENABLE_OBJC_WEAK = YES;
				CLANG_WARN_BLOCK_CAPTURE_AUTORELEASING = YES;
				CLANG_WARN_BOOL_CONVERSION = YES;
				CLANG_WARN_COMMA = YES;
				CLANG_WARN_CONSTANT_CONVERSION = YES;
				CLANG_WARN_DEPRECATED_OBJC_IMPLEMENTATIONS = YES;
				CLANG_WARN_DIRECT_OBJC_ISA_USAGE = YES_ERROR;
				CLANG_WARN_DOCUMENTATION_COMMENTS = YES;
				CLANG_WARN_EMPTY_BODY = YES;
				CLANG_WARN_ENUM_CONVERSION = YES;
				CLANG_WARN_INFINITE_RECURSION = YES;
				CLANG_WARN_INT_CONVERSION = YES;
				CLANG_WARN_NON_LITERAL_NULL_CONVERSION = YES;
				CLANG_WARN_OBJC_IMPLICIT_RETAIN_SELF = YES;
				CLANG_WARN_OBJC_LITERAL_CONVERSION = YES;
				CLANG_WARN_OBJC_ROOT_CLASS = YES_ERROR;
				CLANG_WARN_QUOTED_INCLUDE_IN_FRAMEWORK_HEADER = YES;
				CLANG_WARN_RANGE_LOOP_ANALYSIS = YES;
				CLANG_WARN_STRICT_PROTOTYPES = YES;
				CLANG_WARN_SUSPICIOUS_MOVE = YES;
				CLANG_WARN_UNGUARDED_AVAILABILITY = YES_AGGRESSIVE;
				CLANG_WARN_UNREACHABLE_CODE = YES;
				CLANG_WARN__DUPLICATE_METHOD_MATCH = YES;
				COPY_PHASE_STRIP = NO;
				DEBUG_INFORMATION_FORMAT = "dwarf-with-dsym";
				ENABLE_NS_ASSERTIONS = NO;
				ENABLE_STRICT_OBJC_MSGSEND = YES;
				ENABLE_USER_SCRIPT_SANDBOXING = YES;
				GCC_C_LANGUAGE_STANDARD = gnu17;
				GCC_NO_COMMON_BLOCKS = YES;
				GCC_WARN_64_TO_32_BIT_CONVERSION = YES;
				GCC_WARN_ABOUT_RETURN_TYPE = YES_ERROR;
				GCC_WARN_UNDECLARED_SELECTOR = YES;
				GCC_WARN_UNINITIALIZED_AUTOS = YES_AGGRESSIVE;
				GCC_WARN_UNUSED_FUNCTION = YES;
				GCC_WARN_UNUSED_VARIABLE = YES;
				IPHONEOS_DEPLOYMENT_TARGET = 18.5;
				LOCALIZATION_PREFERS_STRING_CATALOGS = YES;
				MTL_ENABLE_DEBUG_INFO = NO;
				MTL_FAST_MATH = YES;
				SDKROOT = iphoneos;
				SWIFT_COMPILATION_MODE = wholemodule;
				VALIDATE_PRODUCT = YES;
			};
			name = Release;
		};
		CF1776A42DF202D100CC97B6 /* Debug */ = {
			isa = XCBuildConfiguration;
			buildSettings = {
				BUNDLE_LOADER = "$(TEST_HOST)";
				CODE_SIGN_STYLE = Automatic;
				CURRENT_PROJECT_VERSION = 1;
				GENERATE_INFOPLIST_FILE = YES;
				IPHONEOS_DEPLOYMENT_TARGET = 18.5;
				MARKETING_VERSION = 1.0;
				PRODUCT_BUNDLE_IDENTIFIER = "com.raincor.Airsoft-Tactical-MapTests";
				PRODUCT_NAME = "$(TARGET_NAME)";
				SWIFT_EMIT_LOC_STRINGS = NO;
				SWIFT_VERSION = 5.0;
				TARGETED_DEVICE_FAMILY = "1,2";
				TEST_HOST = "$(BUILT_PRODUCTS_DIR)/Airsoft Tactical Map.app/$(BUNDLE_EXECUTABLE_FOLDER_PATH)/Airsoft Tactical Map";
			};
			name = Debug;
		};
		CF1776A52DF202D100CC97B6 /* Release */ = {
			isa = XCBuildConfiguration;
			buildSettings = {
				BUNDLE_LOADER = "$(TEST_HOST)";
				CODE_SIGN_STYLE = Automatic;
				CURRENT_PROJECT_VERSION = 1;
				GENERATE_INFOPLIST_FILE = YES;
				IPHONEOS_DEPLOYMENT_TARGET = 18.5;
				MARKETING_VERSION = 1.0;
				PRODUCT_BUNDLE_IDENTIFIER = "com.raincor.Airsoft-Tactical-MapTests";
				PRODUCT_NAME = "$(TARGET_NAME)";
				SWIFT_EMIT_LOC_STRINGS = NO;
				SWIFT_VERSION = 5.0;
				TARGETED_DEVICE_FAMILY = "1,2";
				TEST_HOST = "$(BUILT_PRODUCTS_DIR)/Airsoft Tactical Map.app/$(BUNDLE_EXECUTABLE_FOLDER_PATH)/Airsoft Tactical Map";
			};
			name = Release;
		};
		CF1776A72DF202D100CC97B6 /* Debug */ = {
			isa = XCBuildConfiguration;
			buildSettings = {
				CODE_SIGN_STYLE = Automatic;
				CURRENT_PROJECT_VERSION = 1;
				GENERATE_INFOPLIST_FILE = YES;
				MARKETING_VERSION = 1.0;
				PRODUCT_BUNDLE_IDENTIFIER = "com.raincor.Airsoft-Tactical-MapUITests";
				PRODUCT_NAME = "$(TARGET_NAME)";
				SWIFT_EMIT_LOC_STRINGS = NO;
				SWIFT_VERSION = 5.0;
				TARGETED_DEVICE_FAMILY = "1,2";
				TEST_TARGET_NAME = "Airsoft Tactical Map";
			};
			name = Debug;
		};
		CF1776A82DF202D100CC97B6 /* Release */ = {
			isa = XCBuildConfiguration;
			buildSettings = {
				CODE_SIGN_STYLE = Automatic;
				CURRENT_PROJECT_VERSION = 1;
				GENERATE_INFOPLIST_FILE = YES;
				MARKETING_VERSION = 1.0;
				PRODUCT_BUNDLE_IDENTIFIER = "com.raincor.Airsoft-Tactical-MapUITests";
				PRODUCT_NAME = "$(TARGET_NAME)";
				SWIFT_EMIT_LOC_STRINGS = NO;
				SWIFT_VERSION = 5.0;
				TARGETED_DEVICE_FAMILY = "1,2";
				TEST_TARGET_NAME = "Airsoft Tactical Map";
			};
			name = Release;
		};
/* End XCBuildConfiguration section */

/* Begin XCConfigurationList section */
		CF1776722DF202CF00CC97B6 /* Build configuration list for PBXProject "Airsoft Tactical Map" */ = {
			isa = XCConfigurationList;
			buildConfigurations = (
				CF1776A12DF202D100CC97B6 /* Debug */,
				CF1776A22DF202D100CC97B6 /* Release */,
			);
			defaultConfigurationIsVisible = 0;
			defaultConfigurationName = Release;
		};
		CF17769E2DF202D100CC97B6 /* Build configuration list for PBXNativeTarget "Airsoft Tactical Map" */ = {
			isa = XCConfigurationList;
			buildConfigurations = (
				CF17769F2DF202D100CC97B6 /* Debug */,
				CF1776A02DF202D100CC97B6 /* Release */,
			);
			defaultConfigurationIsVisible = 0;
			defaultConfigurationName = Release;
		};
		CF1776A32DF202D100CC97B6 /* Build configuration list for PBXNativeTarget "Airsoft Tactical MapTests" */ = {
			isa = XCConfigurationList;
			buildConfigurations = (
				CF1776A42DF202D100CC97B6 /* Debug */,
				CF1776A52DF202D100CC97B6 /* Release */,
			);
			defaultConfigurationIsVisible = 0;
			defaultConfigurationName = Release;
		};
		CF1776A62DF202D100CC97B6 /* Build configuration list for PBXNativeTarget "Airsoft Tactical MapUITests" */ = {
			isa = XCConfigurationList;
			buildConfigurations = (
				CF1776A72DF202D100CC97B6 /* Debug */,
				CF1776A82DF202D100CC97B6 /* Release */,
			);
			defaultConfigurationIsVisible = 0;
			defaultConfigurationName = Release;
		};
/* End XCConfigurationList section */
	};
	rootObject = CF17766F2DF202CF00CC97B6 /* Project object */;
}
